
Microsoft Visual Studio Solution File, Format Version 12.00
# Visual Studio 15
VisualStudioVersion = 15.0.27130.2036
MinimumVisualStudioVersion = 10.0.40219.1
Project("{2150E333-8FDC-42A3-9474-1A3956D46DE8}") = "Solution Items", "Solution Items", "{E6194A1E-69C0-4858-AFF0-8FF360897B1E}"
	ProjectSection(SolutionItems) = preProject
		README.md = README.md
	EndProjectSection
EndProject
Project("{FAE04EC0-301F-11D3-BF4B-00C04F79EFBC}") = "PeeDeeFul.DocumentModel", "PeeDeeFul.DocumentModel\PeeDeeFul.DocumentModel.csproj", "{44CADC59-D91A-4D11-9A3B-D27D9DD82215}"
EndProject
Project("{FAE04EC0-301F-11D3-BF4B-00C04F79EFBC}") = "PeeDeeFul.Client", "PeeDeeFul.Client\PeeDeeFul.Client.csproj", "{A0AABF20-B49E-4B44-AD11-2C72EB8EEAF8}"
EndProject
Project("{FAE04EC0-301F-11D3-BF4B-00C04F79EFBC}") = "PeeDeeFul.DocumentModel.Tests", "PeeDeeFul.DocumentModel.Tests\PeeDeeFul.DocumentModel.Tests.csproj", "{242D684B-7A8C-404E-AF2F-36FBFB982B11}"
EndProject
Project("{FAE04EC0-301F-11D3-BF4B-00C04F79EFBC}") = "PeeDeeFul.Server", "PeeDeeFul.Server\PeeDeeFul.Server.csproj", "{F24CB290-A6A4-47E5-ADB7-15CA3B48BB38}"
EndProject
Global
	GlobalSection(SolutionConfigurationPlatforms) = preSolution
		Debug|Any CPU = Debug|Any CPU
		Release|Any CPU = Release|Any CPU
	EndGlobalSection
	GlobalSection(ProjectConfigurationPlatforms) = postSolution
		{44CADC59-D91A-4D11-9A3B-D27D9DD82215}.Debug|Any CPU.ActiveCfg = Debug|Any CPU
		{44CADC59-D91A-4D11-9A3B-D27D9DD82215}.Debug|Any CPU.Build.0 = Debug|Any CPU
		{44CADC59-D91A-4D11-9A3B-D27D9DD82215}.Release|Any CPU.ActiveCfg = Release|Any CPU
		{44CADC59-D91A-4D11-9A3B-D27D9DD82215}.Release|Any CPU.Build.0 = Release|Any CPU
		{A0AABF20-B49E-4B44-AD11-2C72EB8EEAF8}.Debug|Any CPU.ActiveCfg = Debug|Any CPU
		{A0AABF20-B49E-4B44-AD11-2C72EB8EEAF8}.Debug|Any CPU.Build.0 = Debug|Any CPU
		{A0AABF20-B49E-4B44-AD11-2C72EB8EEAF8}.Release|Any CPU.ActiveCfg = Release|Any CPU
		{A0AABF20-B49E-4B44-AD11-2C72EB8EEAF8}.Release|Any CPU.Build.0 = Release|Any CPU
		{242D684B-7A8C-404E-AF2F-36FBFB982B11}.Debug|Any CPU.ActiveCfg = Debug|Any CPU
		{242D684B-7A8C-404E-AF2F-36FBFB982B11}.Debug|Any CPU.Build.0 = Debug|Any CPU
		{242D684B-7A8C-404E-AF2F-36FBFB982B11}.Release|Any CPU.ActiveCfg = Release|Any CPU
		{242D684B-7A8C-404E-AF2F-36FBFB982B11}.Release|Any CPU.Build.0 = Release|Any CPU
		{F24CB290-A6A4-47E5-ADB7-15CA3B48BB38}.Debug|Any CPU.ActiveCfg = Debug|Any CPU
		{F24CB290-A6A4-47E5-ADB7-15CA3B48BB38}.Debug|Any CPU.Build.0 = Debug|Any CPU
		{F24CB290-A6A4-47E5-ADB7-15CA3B48BB38}.Release|Any CPU.ActiveCfg = Release|Any CPU
		{F24CB290-A6A4-47E5-ADB7-15CA3B48BB38}.Release|Any CPU.Build.0 = Release|Any CPU
	EndGlobalSection
	GlobalSection(SolutionProperties) = preSolution
		HideSolutionNode = FALSE
	EndGlobalSection
	GlobalSection(ExtensibilityGlobals) = postSolution
		SolutionGuid = {9936FAF2-D449-4B0F-AC84-C10191924A95}
	EndGlobalSection
EndGlobal
